
Microsoft Visual Studio Solution File, Format Version 12.00
# Visual Studio Version 16
VisualStudioVersion = 25.0.1706.3
MinimumVisualStudioVersion = 10.0.40219.1
Project("{FAE04EC0-301F-11D3-BF4B-00C04F79EFBC}") = "SkySloth", "SkySloth\SkySloth.csproj", "{F9419B73-919E-4F26-B4E3-86E88F19A153}"
EndProject
Global
	GlobalSection(SolutionConfigurationPlatforms) = preSolution
		Debug|Any CPU = Debug|Any CPU
		Release|Any CPU = Release|Any CPU
	EndGlobalSection
	GlobalSection(ProjectConfigurationPlatforms) = postSolution
		{F9419B73-919E-4F26-B4E3-86E88F19A153}.Debug|Any CPU.ActiveCfg = Debug|Any CPU
		{F9419B73-919E-4F26-B4E3-86E88F19A153}.Debug|Any CPU.Build.0 = Debug|Any CPU
		{F9419B73-919E-4F26-B4E3-86E88F19A153}.Release|Any CPU.ActiveCfg = Release|Any CPU
		{F9419B73-919E-4F26-B4E3-86E88F19A153}.Release|Any CPU.Build.0 = Release|Any CPU
	EndGlobalSection
	GlobalSection(SolutionProperties) = preSolution
		HideSolutionNode = FALSE
	EndGlobalSection
	GlobalSection(ExtensibilityGlobals) = postSolution
		SolutionGuid = {40CFA8E6-FF26-47FC-A5FA-A6830C60A072}
	EndGlobalSection
EndGlobal
